
Microsoft Visual Studio Solution File, Format Version 12.00
# Visual Studio 14
VisualStudioVersion = 14.0.25420.1
MinimumVisualStudioVersion = 10.0.40219.1
Project("{FAE04EC0-301F-11D3-BF4B-00C04F79EFBC}") = "SwashbuckleRazorDemo", "SwashbuckleRazorDemo\SwashbuckleRazorDemo.csproj", "{E2509620-E8EE-4A20-8F52-8659D1877C8F}"
EndProject
Project("{FAE04EC0-301F-11D3-BF4B-00C04F79EFBC}") = "Swashbuckle.Core", "Swashbuckle.Core\Swashbuckle.Core.csproj", "{D50A26FF-02C6-4C16-BA94-4CD7D43EFBB3}"
EndProject
Global
	GlobalSection(SolutionConfigurationPlatforms) = preSolution
		Debug|Any CPU = Debug|Any CPU
		Release|Any CPU = Release|Any CPU
	EndGlobalSection
	GlobalSection(ProjectConfigurationPlatforms) = postSolution
		{E2509620-E8EE-4A20-8F52-8659D1877C8F}.Debug|Any CPU.ActiveCfg = Debug|Any CPU
		{E2509620-E8EE-4A20-8F52-8659D1877C8F}.Debug|Any CPU.Build.0 = Debug|Any CPU
		{E2509620-E8EE-4A20-8F52-8659D1877C8F}.Release|Any CPU.ActiveCfg = Release|Any CPU
		{E2509620-E8EE-4A20-8F52-8659D1877C8F}.Release|Any CPU.Build.0 = Release|Any CPU
		{D50A26FF-02C6-4C16-BA94-4CD7D43EFBB3}.Debug|Any CPU.ActiveCfg = Debug|Any CPU
		{D50A26FF-02C6-4C16-BA94-4CD7D43EFBB3}.Debug|Any CPU.Build.0 = Debug|Any CPU
		{D50A26FF-02C6-4C16-BA94-4CD7D43EFBB3}.Release|Any CPU.ActiveCfg = Release|Any CPU
		{D50A26FF-02C6-4C16-BA94-4CD7D43EFBB3}.Release|Any CPU.Build.0 = Release|Any CPU
	EndGlobalSection
	GlobalSection(SolutionProperties) = preSolution
		HideSolutionNode = FALSE
	EndGlobalSection
EndGlobal
